
Microsoft Visual Studio Solution File, Format Version 12.00
# Visual Studio Version 17
VisualStudioVersion = 17.6.33829.357
MinimumVisualStudioVersion = 10.0.40219.1
Project("{FAE04EC0-301F-11D3-BF4B-00C04F79EFBC}") = "SignalRImplementation", "SignalRImplementation.csproj", "{716C88C6-F0C6-4373-B596-A517C21796C5}"
EndProject
Global
	GlobalSection(SolutionConfigurationPlatforms) = preSolution
		Debug|Any CPU = Debug|Any CPU
		Release|Any CPU = Release|Any CPU
	EndGlobalSection
	GlobalSection(ProjectConfigurationPlatforms) = postSolution
		{716C88C6-F0C6-4373-B596-A517C21796C5}.Debug|Any CPU.ActiveCfg = Debug|Any CPU
		{716C88C6-F0C6-4373-B596-A517C21796C5}.Debug|Any CPU.Build.0 = Debug|Any CPU
		{716C88C6-F0C6-4373-B596-A517C21796C5}.Release|Any CPU.ActiveCfg = Release|Any CPU
		{716C88C6-F0C6-4373-B596-A517C21796C5}.Release|Any CPU.Build.0 = Release|Any CPU
	EndGlobalSection
	GlobalSection(SolutionProperties) = preSolution
		HideSolutionNode = FALSE
	EndGlobalSection
	GlobalSection(ExtensibilityGlobals) = postSolution
		SolutionGuid = {AF921BD9-4A24-448C-9E82-F483D364EE31}
	EndGlobalSection
EndGlobal
