
Microsoft Visual Studio Solution File, Format Version 12.00
# Visual Studio Version 17
VisualStudioVersion = 17.6.33829.357
MinimumVisualStudioVersion = 10.0.40219.1
Project("{FAE04EC0-301F-11D3-BF4B-00C04F79EFBC}") = "InvokeWebApi", "InvokeWebApi.csproj", "{A63D1FE5-305F-4A6E-A84C-6BB7FE15A8FA}"
EndProject
Global
	GlobalSection(SolutionConfigurationPlatforms) = preSolution
		Debug|Any CPU = Debug|Any CPU
		Release|Any CPU = Release|Any CPU
	EndGlobalSection
	GlobalSection(ProjectConfigurationPlatforms) = postSolution
		{A63D1FE5-305F-4A6E-A84C-6BB7FE15A8FA}.Debug|Any CPU.ActiveCfg = Debug|Any CPU
		{A63D1FE5-305F-4A6E-A84C-6BB7FE15A8FA}.Debug|Any CPU.Build.0 = Debug|Any CPU
		{A63D1FE5-305F-4A6E-A84C-6BB7FE15A8FA}.Release|Any CPU.ActiveCfg = Release|Any CPU
		{A63D1FE5-305F-4A6E-A84C-6BB7FE15A8FA}.Release|Any CPU.Build.0 = Release|Any CPU
	EndGlobalSection
	GlobalSection(SolutionProperties) = preSolution
		HideSolutionNode = FALSE
	EndGlobalSection
	GlobalSection(ExtensibilityGlobals) = postSolution
		SolutionGuid = {23FEBB37-79FB-4AD0-AD7D-56386B5D3ACD}
	EndGlobalSection
EndGlobal
